
Microsoft Visual Studio Solution File, Format Version 12.00
# Visual Studio 15
VisualStudioVersion = 15.0.27703.2042
MinimumVisualStudioVersion = 10.0.40219.1
Project("{FAE04EC0-301F-11D3-BF4B-00C04F79EFBC}") = "02_IOT_JoaoRocha_Form", "02_IOT_JoaoRocha_Form\02_IOT_JoaoRocha_Form.csproj", "{9B2DD972-2B91-4F28-96B3-2D32D99853CF}"
EndProject
Global
	GlobalSection(SolutionConfigurationPlatforms) = preSolution
		Debug|Any CPU = Debug|Any CPU
		Release|Any CPU = Release|Any CPU
	EndGlobalSection
	GlobalSection(ProjectConfigurationPlatforms) = postSolution
		{9B2DD972-2B91-4F28-96B3-2D32D99853CF}.Debug|Any CPU.ActiveCfg = Debug|Any CPU
		{9B2DD972-2B91-4F28-96B3-2D32D99853CF}.Debug|Any CPU.Build.0 = Debug|Any CPU
		{9B2DD972-2B91-4F28-96B3-2D32D99853CF}.Release|Any CPU.ActiveCfg = Release|Any CPU
		{9B2DD972-2B91-4F28-96B3-2D32D99853CF}.Release|Any CPU.Build.0 = Release|Any CPU
	EndGlobalSection
	GlobalSection(SolutionProperties) = preSolution
		HideSolutionNode = FALSE
	EndGlobalSection
	GlobalSection(ExtensibilityGlobals) = postSolution
		SolutionGuid = {1CFEDE6E-044C-40A3-891E-2CE471858729}
	EndGlobalSection
EndGlobal
