
Microsoft Visual Studio Solution File, Format Version 12.00
# Visual Studio 15
VisualStudioVersion = 15.0.27703.2042
MinimumVisualStudioVersion = 10.0.40219.1
Project("{FAE04EC0-301F-11D3-BF4B-00C04F79EFBC}") = "11_IOT_JoaoRocha_TemperatureMetrics", "11_IOT_JoaoRocha_TemperatureMetrics\11_IOT_JoaoRocha_TemperatureMetrics.csproj", "{A004EAA8-9319-454F-AA6D-4D8D1A682E73}"
EndProject
Global
	GlobalSection(SolutionConfigurationPlatforms) = preSolution
		Debug|Any CPU = Debug|Any CPU
		Release|Any CPU = Release|Any CPU
	EndGlobalSection
	GlobalSection(ProjectConfigurationPlatforms) = postSolution
		{A004EAA8-9319-454F-AA6D-4D8D1A682E73}.Debug|Any CPU.ActiveCfg = Debug|Any CPU
		{A004EAA8-9319-454F-AA6D-4D8D1A682E73}.Debug|Any CPU.Build.0 = Debug|Any CPU
		{A004EAA8-9319-454F-AA6D-4D8D1A682E73}.Release|Any CPU.ActiveCfg = Release|Any CPU
		{A004EAA8-9319-454F-AA6D-4D8D1A682E73}.Release|Any CPU.Build.0 = Release|Any CPU
	EndGlobalSection
	GlobalSection(SolutionProperties) = preSolution
		HideSolutionNode = FALSE
	EndGlobalSection
	GlobalSection(ExtensibilityGlobals) = postSolution
		SolutionGuid = {AA43BB84-2E0D-4ECD-962A-D0AEDC75282E}
	EndGlobalSection
EndGlobal
