
Microsoft Visual Studio Solution File, Format Version 12.00
# Visual Studio 15
VisualStudioVersion = 15.0.27703.2042
MinimumVisualStudioVersion = 10.0.40219.1
Project("{FAE04EC0-301F-11D3-BF4B-00C04F79EFBC}") = "04_IOT_JoaoRocha_FormWithUsersName", "04_IOT_JoaoRocha_FormWithUsersName\04_IOT_JoaoRocha_FormWithUsersName.csproj", "{19EC49E1-C23A-4844-A549-CE2151B45F73}"
EndProject
Project("{FAE04EC0-301F-11D3-BF4B-00C04F79EFBC}") = "04_IOT_JoaoRocha_FormWithUsersName_Tests", "04_IOT_JoaoRocha_FormWithUsersName_Tests\04_IOT_JoaoRocha_FormWithUsersName_Tests.csproj", "{BF25FD15-FBB0-4382-B4DD-67B2D95E4A52}"
EndProject
Global
	GlobalSection(SolutionConfigurationPlatforms) = preSolution
		Debug|Any CPU = Debug|Any CPU
		Release|Any CPU = Release|Any CPU
	EndGlobalSection
	GlobalSection(ProjectConfigurationPlatforms) = postSolution
		{19EC49E1-C23A-4844-A549-CE2151B45F73}.Debug|Any CPU.ActiveCfg = Debug|Any CPU
		{19EC49E1-C23A-4844-A549-CE2151B45F73}.Debug|Any CPU.Build.0 = Debug|Any CPU
		{19EC49E1-C23A-4844-A549-CE2151B45F73}.Release|Any CPU.ActiveCfg = Release|Any CPU
		{19EC49E1-C23A-4844-A549-CE2151B45F73}.Release|Any CPU.Build.0 = Release|Any CPU
		{BF25FD15-FBB0-4382-B4DD-67B2D95E4A52}.Debug|Any CPU.ActiveCfg = Debug|Any CPU
		{BF25FD15-FBB0-4382-B4DD-67B2D95E4A52}.Debug|Any CPU.Build.0 = Debug|Any CPU
		{BF25FD15-FBB0-4382-B4DD-67B2D95E4A52}.Release|Any CPU.ActiveCfg = Release|Any CPU
		{BF25FD15-FBB0-4382-B4DD-67B2D95E4A52}.Release|Any CPU.Build.0 = Release|Any CPU
	EndGlobalSection
	GlobalSection(SolutionProperties) = preSolution
		HideSolutionNode = FALSE
	EndGlobalSection
	GlobalSection(ExtensibilityGlobals) = postSolution
		SolutionGuid = {A1C22C77-9FFE-425B-88AD-DDD9D5766103}
	EndGlobalSection
EndGlobal
