
Microsoft Visual Studio Solution File, Format Version 12.00
# Visual Studio 15
VisualStudioVersion = 15.0.27703.2042
MinimumVisualStudioVersion = 10.0.40219.1
Project("{FAE04EC0-301F-11D3-BF4B-00C04F79EFBC}") = "01_IOT_JoaoRocha_Console", "01_IOT_JoaoRocha_Console\01_IOT_JoaoRocha_Console.csproj", "{19ED2A79-4B1B-46E4-8855-CD40BB11355E}"
EndProject
Project("{FAE04EC0-301F-11D3-BF4B-00C04F79EFBC}") = "01_IOT_JoaoRocha_Console_Tests", "01_IOT_JoaoRocha_Console_Tests\01_IOT_JoaoRocha_Console_Tests.csproj", "{BC3A2E70-8C36-4A94-9502-284600D038F0}"
EndProject
Global
	GlobalSection(SolutionConfigurationPlatforms) = preSolution
		Debug|Any CPU = Debug|Any CPU
		Release|Any CPU = Release|Any CPU
	EndGlobalSection
	GlobalSection(ProjectConfigurationPlatforms) = postSolution
		{19ED2A79-4B1B-46E4-8855-CD40BB11355E}.Debug|Any CPU.ActiveCfg = Debug|Any CPU
		{19ED2A79-4B1B-46E4-8855-CD40BB11355E}.Debug|Any CPU.Build.0 = Debug|Any CPU
		{19ED2A79-4B1B-46E4-8855-CD40BB11355E}.Release|Any CPU.ActiveCfg = Release|Any CPU
		{19ED2A79-4B1B-46E4-8855-CD40BB11355E}.Release|Any CPU.Build.0 = Release|Any CPU
		{BC3A2E70-8C36-4A94-9502-284600D038F0}.Debug|Any CPU.ActiveCfg = Debug|Any CPU
		{BC3A2E70-8C36-4A94-9502-284600D038F0}.Debug|Any CPU.Build.0 = Debug|Any CPU
		{BC3A2E70-8C36-4A94-9502-284600D038F0}.Release|Any CPU.ActiveCfg = Release|Any CPU
		{BC3A2E70-8C36-4A94-9502-284600D038F0}.Release|Any CPU.Build.0 = Release|Any CPU
	EndGlobalSection
	GlobalSection(SolutionProperties) = preSolution
		HideSolutionNode = FALSE
	EndGlobalSection
	GlobalSection(ExtensibilityGlobals) = postSolution
		SolutionGuid = {BC178EB1-1EAD-4A45-9B57-95BF471D6F18}
	EndGlobalSection
EndGlobal
